
Microsoft Visual Studio Solution File, Format Version 12.00
# Visual Studio Version 17
VisualStudioVersion = 17.7.34031.279
MinimumVisualStudioVersion = 10.0.40219.1
Project("{FAE04EC0-301F-11D3-BF4B-00C04F79EFBC}") = "L1.13", "L1.13\L1.13.csproj", "{0DFAD775-8554-4AE3-9408-6FA7E0253277}"
EndProject
Global
	GlobalSection(SolutionConfigurationPlatforms) = preSolution
		Debug|Any CPU = Debug|Any CPU
		Release|Any CPU = Release|Any CPU
	EndGlobalSection
	GlobalSection(ProjectConfigurationPlatforms) = postSolution
		{0DFAD775-8554-4AE3-9408-6FA7E0253277}.Debug|Any CPU.ActiveCfg = Debug|Any CPU
		{0DFAD775-8554-4AE3-9408-6FA7E0253277}.Debug|Any CPU.Build.0 = Debug|Any CPU
		{0DFAD775-8554-4AE3-9408-6FA7E0253277}.Release|Any CPU.ActiveCfg = Release|Any CPU
		{0DFAD775-8554-4AE3-9408-6FA7E0253277}.Release|Any CPU.Build.0 = Release|Any CPU
	EndGlobalSection
	GlobalSection(SolutionProperties) = preSolution
		HideSolutionNode = FALSE
	EndGlobalSection
	GlobalSection(ExtensibilityGlobals) = postSolution
		SolutionGuid = {E582C8C6-1F53-4CAA-BF60-599D9A9FDED9}
	EndGlobalSection
EndGlobal
